# THIS IS AN AUTOGENERATED FILE. DO NOT EDIT THIS FILE DIRECTLY.
# yarn lockfile v1


"@mdi/font@^6.9.96":
  version "6.9.96"
  resolved "https://registry.yarnpkg.com/@mdi/font/-/font-6.9.96.tgz#c68da7e0895885dd09e60dc08c5ecc0d77f67efb"
  integrity sha512-z3QVZStyHVwkDsFR7A7F2PIvZJPWgdSFw4BEEy2Gc9HUN5NfK9mGbjgaYClRcbMWiYEV45srmiYtczmBtCqR8w==

bulma@^0.9.4:
  version "0.9.4"
  resolved "https://registry.yarnpkg.com/bulma/-/bulma-0.9.4.tgz#0ca8aeb1847a34264768dba26a064c8be72674a1"
  integrity sha512-86FlT5+1GrsgKbPLRRY7cGDg8fsJiP/jzTqXXVqiUZZ2aZT8uemEOHlU1CDU+TxklPEZ11HZNNWclRBBecP4CQ==

jquery@^3.6.0:
  version "3.6.1"
  resolved "https://registry.yarnpkg.com/jquery/-/jquery-3.6.1.tgz#fab0408f8b45fc19f956205773b62b292c147a16"
  integrity sha512-opJeO4nCucVnsjiXOE+/PcCgYw9Gwpvs/a6B1LL/lQhwWwpbVEVYDZ1FokFr8PRc7ghYlrFPuyHuiiDNTQxmcw==

normalize.css@^8.0.1:
  version "8.0.1"
  resolved "https://registry.yarnpkg.com/normalize.css/-/normalize.css-8.0.1.tgz#9b98a208738b9cc2634caacbc42d131c97487bf3"
  integrity sha512-qizSNPO93t1YUuUhP22btGOo3chcvDFqFaj2TRybP0DMxkHOCTYwp3n34fel4a31ORXy4m1Xq0Gyqpb5m33qIg==

typeface-montserrat@^1.1.13:
  version "1.1.13"
  resolved "https://registry.yarnpkg.com/typeface-montserrat/-/typeface-montserrat-1.1.13.tgz#2a16729c174dd1a8c3fec05a851b7725412606cc"
  integrity sha512-Pklkyj0e+K+6I/t0M6JBDBphpfJkF1k+3qd8qDnp9aVtCC7oGBQWTAcL6+5eArfGe7h73uPwyal73hEkf9YCUA==

typeface-source-code-pro@^1.1.13:
  version "1.1.13"
  resolved "https://registry.yarnpkg.com/typeface-source-code-pro/-/typeface-source-code-pro-1.1.13.tgz#88c8787f90294d00c3b05c35adc096a2d07d922f"
  integrity sha512-TX3c89uW9uc5SJNFWY8HBFkZqcxcNY7nJz0rw+0Pk2ZVsog/v2d04yKRsPU+jJI4wFegOvWXbOWt927i/xUdIw==
